
Microsoft Visual Studio Solution File, Format Version 12.00
# Visual Studio Version 16
VisualStudioVersion = 16.0.30503.244
MinimumVisualStudioVersion = 10.0.40219.1
Project("{FAE04EC0-301F-11D3-BF4B-00C04F79EFBC}") = "Implementation 2", "Implementation 2.csproj", "{F72921FE-2C31-4BE2-8883-BFE31CF070E9}"
EndProject
Global
	GlobalSection(SolutionConfigurationPlatforms) = preSolution
		Debug|Any CPU = Debug|Any CPU
		Release|Any CPU = Release|Any CPU
	EndGlobalSection
	GlobalSection(ProjectConfigurationPlatforms) = postSolution
		{F72921FE-2C31-4BE2-8883-BFE31CF070E9}.Debug|Any CPU.ActiveCfg = Debug|Any CPU
		{F72921FE-2C31-4BE2-8883-BFE31CF070E9}.Debug|Any CPU.Build.0 = Debug|Any CPU
		{F72921FE-2C31-4BE2-8883-BFE31CF070E9}.Release|Any CPU.ActiveCfg = Release|Any CPU
		{F72921FE-2C31-4BE2-8883-BFE31CF070E9}.Release|Any CPU.Build.0 = Release|Any CPU
	EndGlobalSection
	GlobalSection(SolutionProperties) = preSolution
		HideSolutionNode = FALSE
	EndGlobalSection
	GlobalSection(ExtensibilityGlobals) = postSolution
		SolutionGuid = {68079F28-52BA-4C18-BCE6-468877CD93F9}
	EndGlobalSection
EndGlobal
